
Microsoft Visual Studio Solution File, Format Version 12.00
# Visual Studio Version 17
VisualStudioVersion = 17.7.34003.232
MinimumVisualStudioVersion = 10.0.40219.1
Project("{FAE04EC0-301F-11D3-BF4B-00C04F79EFBC}") = "ChatApp", "ChatApp\ChatApp.csproj", "{EBB0E0C5-D812-4606-9FB6-CCEC336CF59A}"
EndProject
Global
	GlobalSection(SolutionConfigurationPlatforms) = preSolution
		Debug|Any CPU = Debug|Any CPU
		Release|Any CPU = Release|Any CPU
	EndGlobalSection
	GlobalSection(ProjectConfigurationPlatforms) = postSolution
		{EBB0E0C5-D812-4606-9FB6-CCEC336CF59A}.Debug|Any CPU.ActiveCfg = Debug|Any CPU
		{EBB0E0C5-D812-4606-9FB6-CCEC336CF59A}.Debug|Any CPU.Build.0 = Debug|Any CPU
		{EBB0E0C5-D812-4606-9FB6-CCEC336CF59A}.Release|Any CPU.ActiveCfg = Release|Any CPU
		{EBB0E0C5-D812-4606-9FB6-CCEC336CF59A}.Release|Any CPU.Build.0 = Release|Any CPU
	EndGlobalSection
	GlobalSection(SolutionProperties) = preSolution
		HideSolutionNode = FALSE
	EndGlobalSection
	GlobalSection(ExtensibilityGlobals) = postSolution
		SolutionGuid = {706728AB-D4F1-4AA2-B56D-A36609D5D4B8}
	EndGlobalSection
EndGlobal
